
Microsoft Visual Studio Solution File, Format Version 12.00
# Visual Studio 14
VisualStudioVersion = 14.0.25123.0
MinimumVisualStudioVersion = 10.0.40219.1
Project("{FAE04EC0-301F-11D3-BF4B-00C04F79EFBC}") = "DataWarehouse.DataAcquisition.AdWords", "DataWarehouse.DataAcquisition.AdWords\DataWarehouse.DataAcquisition.AdWords.csproj", "{7100675D-C176-460A-A9BA-8153862DB3F0}"
EndProject
Project("{00D1A9C2-B5F0-4AF3-8072-F6C62B433612}") = "SMBGoogleAdWords", "SMBGoogleAdWords\SMBGoogleAdWords.sqlproj", "{3C4C8EC8-9A3B-43CD-83CC-94714DF1820B}"
EndProject
Global
	GlobalSection(SolutionConfigurationPlatforms) = preSolution
		Debug|Any CPU = Debug|Any CPU
		Release|Any CPU = Release|Any CPU
	EndGlobalSection
	GlobalSection(ProjectConfigurationPlatforms) = postSolution
		{7100675D-C176-460A-A9BA-8153862DB3F0}.Debug|Any CPU.ActiveCfg = Debug|Any CPU
		{7100675D-C176-460A-A9BA-8153862DB3F0}.Debug|Any CPU.Build.0 = Debug|Any CPU
		{7100675D-C176-460A-A9BA-8153862DB3F0}.Release|Any CPU.ActiveCfg = Release|Any CPU
		{7100675D-C176-460A-A9BA-8153862DB3F0}.Release|Any CPU.Build.0 = Release|Any CPU
		{3C4C8EC8-9A3B-43CD-83CC-94714DF1820B}.Debug|Any CPU.ActiveCfg = Debug|Any CPU
		{3C4C8EC8-9A3B-43CD-83CC-94714DF1820B}.Debug|Any CPU.Build.0 = Debug|Any CPU
		{3C4C8EC8-9A3B-43CD-83CC-94714DF1820B}.Debug|Any CPU.Deploy.0 = Debug|Any CPU
		{3C4C8EC8-9A3B-43CD-83CC-94714DF1820B}.Release|Any CPU.ActiveCfg = Release|Any CPU
		{3C4C8EC8-9A3B-43CD-83CC-94714DF1820B}.Release|Any CPU.Build.0 = Release|Any CPU
		{3C4C8EC8-9A3B-43CD-83CC-94714DF1820B}.Release|Any CPU.Deploy.0 = Release|Any CPU
	EndGlobalSection
	GlobalSection(SolutionProperties) = preSolution
		HideSolutionNode = FALSE
	EndGlobalSection
	GlobalSection(ExtensibilityGlobals) = postSolution
		EnterpriseLibraryConfigurationToolBinariesPathV6 = packages\EnterpriseLibrary.Common.6.0.1304.0\lib\NET45;packages\EnterpriseLibrary.Data.6.0.1304.0\lib\NET45
	EndGlobalSection
EndGlobal
